
Microsoft Visual Studio Solution File, Format Version 12.00
# Visual Studio Version 17
VisualStudioVersion = 17.7.34221.43
MinimumVisualStudioVersion = 10.0.40219.1
Project("{FAE04EC0-301F-11D3-BF4B-00C04F79EFBC}") = "Ejercicio2_1", "Ejercicio2_1.csproj", "{E18F6F89-B7E4-481D-83AE-83DA3610607C}"
EndProject
Global
	GlobalSection(SolutionConfigurationPlatforms) = preSolution
		Debug|Any CPU = Debug|Any CPU
		Release|Any CPU = Release|Any CPU
	EndGlobalSection
	GlobalSection(ProjectConfigurationPlatforms) = postSolution
		{E18F6F89-B7E4-481D-83AE-83DA3610607C}.Debug|Any CPU.ActiveCfg = Debug|Any CPU
		{E18F6F89-B7E4-481D-83AE-83DA3610607C}.Debug|Any CPU.Build.0 = Debug|Any CPU
		{E18F6F89-B7E4-481D-83AE-83DA3610607C}.Debug|Any CPU.Deploy.0 = Debug|Any CPU
		{E18F6F89-B7E4-481D-83AE-83DA3610607C}.Release|Any CPU.ActiveCfg = Release|Any CPU
		{E18F6F89-B7E4-481D-83AE-83DA3610607C}.Release|Any CPU.Build.0 = Release|Any CPU
		{E18F6F89-B7E4-481D-83AE-83DA3610607C}.Release|Any CPU.Deploy.0 = Release|Any CPU
	EndGlobalSection
	GlobalSection(SolutionProperties) = preSolution
		HideSolutionNode = FALSE
	EndGlobalSection
	GlobalSection(ExtensibilityGlobals) = postSolution
		SolutionGuid = {4951448C-4453-4CD8-93D4-39591EEFB267}
	EndGlobalSection
EndGlobal
